// !$*UTF8*$!
{
	archiveVersion = 1;
	classes = {
	};
	objectVersion = 48;
	objects = {

/* Begin PBXBuildFile section */
		019708241F83CB26008B5FD4 /* SplashScene.swift in Sources */ = {isa = PBXBuildFile; fileRef = 019708231F83CB26008B5FD4 /* SplashScene.swift */; };
		019708291F84C868008B5FD4 /* MenuScreen.swift in Sources */ = {isa = PBXBuildFile; fileRef = 019708281F84C868008B5FD4 /* MenuScreen.swift */; };
		0197082C1F84C8F7008B5FD4 /* GameData.swift in Sources */ = {isa = PBXBuildFile; fileRef = 0197082B1F84C8F7008B5FD4 /* GameData.swift */; };
		019708321F84CBC4008B5FD4 /* GameOverScene.swift in Sources */ = {isa = PBXBuildFile; fileRef = 019708311F84CBC4008B5FD4 /* GameOverScene.swift */; };
		0197083D1F84DAD3008B5FD4 /* Bullet.png in Resources */ = {isa = PBXBuildFile; fileRef = 019708381F84DAD3008B5FD4 /* Bullet.png */; };
		0197083E1F84DAD3008B5FD4 /* earth.png in Resources */ = {isa = PBXBuildFile; fileRef = 019708391F84DAD3008B5FD4 /* earth.png */; };
		0197083F1F84DAD3008B5FD4 /* mars.jpg in Resources */ = {isa = PBXBuildFile; fileRef = 0197083A1F84DAD3008B5FD4 /* mars.jpg */; };
		019708401F84DAD3008B5FD4 /* player.png in Resources */ = {isa = PBXBuildFile; fileRef = 0197083B1F84DAD3008B5FD4 /* player.png */; };
		019708411F84DAD3008B5FD4 /* Tower.png in Resources */ = {isa = PBXBuildFile; fileRef = 0197083C1F84DAD3008B5FD4 /* Tower.png */; };
		01C38F131F92D34E0091090F /* GSAudio.swift in Sources */ = {isa = PBXBuildFile; fileRef = 01C38F121F92D34E0091090F /* GSAudio.swift */; };
		01C38F301F92DAE50091090F /* menu.wav in Resources */ = {isa = PBXBuildFile; fileRef = 01C38F141F92DAE30091090F /* menu.wav */; };
		01C38F311F92DAE50091090F /* on.wav in Resources */ = {isa = PBXBuildFile; fileRef = 01C38F151F92DAE30091090F /* on.wav */; };
		01C38F321F92DAE50091090F /* loser.wav in Resources */ = {isa = PBXBuildFile; fileRef = 01C38F161F92DAE30091090F /* loser.wav */; };
		01C38F331F92DAE50091090F /* ricochet.wav in Resources */ = {isa = PBXBuildFile; fileRef = 01C38F171F92DAE30091090F /* ricochet.wav */; };
		01C38F341F92DAE50091090F /* lose1.wav in Resources */ = {isa = PBXBuildFile; fileRef = 01C38F181F92DAE30091090F /* lose1.wav */; };
		01C38F351F92DAE50091090F /* mars.wav in Resources */ = {isa = PBXBuildFile; fileRef = 01C38F191F92DAE30091090F /* mars.wav */; };
		01C38F361F92DAE50091090F /* groan1.wav in Resources */ = {isa = PBXBuildFile; fileRef = 01C38F1A1F92DAE30091090F /* groan1.wav */; };
		01C38F371F92DAE50091090F /* lose2.wav in Resources */ = {isa = PBXBuildFile; fileRef = 01C38F1B1F92DAE30091090F /* lose2.wav */; };
		01C38F391F92DAE50091090F /* death0.wav in Resources */ = {isa = PBXBuildFile; fileRef = 01C38F1D1F92DAE30091090F /* death0.wav */; };
		01C38F3A1F92DAE50091090F /* spawn.wav in Resources */ = {isa = PBXBuildFile; fileRef = 01C38F1E1F92DAE40091090F /* spawn.wav */; };
		01C38F3B1F92DAE50091090F /* towerPlace.wav in Resources */ = {isa = PBXBuildFile; fileRef = 01C38F1F1F92DAE40091090F /* towerPlace.wav */; };
		01C38F3C1F92DAE50091090F /* laser0.wav in Resources */ = {isa = PBXBuildFile; fileRef = 01C38F201F92DAE40091090F /* laser0.wav */; };
		01C38F3D1F92DAE50091090F /* splish1.wav in Resources */ = {isa = PBXBuildFile; fileRef = 01C38F211F92DAE40091090F /* splish1.wav */; };
		01C38F3E1F92DAE50091090F /* splish0.wav in Resources */ = {isa = PBXBuildFile; fileRef = 01C38F221F92DAE40091090F /* splish0.wav */; };
		01C38F3F1F92DAE50091090F /* groan2.wav in Resources */ = {isa = PBXBuildFile; fileRef = 01C38F231F92DAE40091090F /* groan2.wav */; };
		01C38F401F92DAE50091090F /* robot.wav in Resources */ = {isa = PBXBuildFile; fileRef = 01C38F241F92DAE40091090F /* robot.wav */; };
		01C38F411F92DAE50091090F /* off.wav in Resources */ = {isa = PBXBuildFile; fileRef = 01C38F251F92DAE40091090F /* off.wav */; };
		01C38F421F92DAE50091090F /* groan3.wav in Resources */ = {isa = PBXBuildFile; fileRef = 01C38F261F92DAE40091090F /* groan3.wav */; };
		01C38F431F92DAE50091090F /* error.wav in Resources */ = {isa = PBXBuildFile; fileRef = 01C38F271F92DAE40091090F /* error.wav */; };
		01C38F441F92DAE50091090F /* tape.wav in Resources */ = {isa = PBXBuildFile; fileRef = 01C38F281F92DAE40091090F /* tape.wav */; };
		01C38F451F92DAE50091090F /* lose0.wav in Resources */ = {isa = PBXBuildFile; fileRef = 01C38F291F92DAE40091090F /* lose0.wav */; };
		01C38F461F92DAE50091090F /* laser3.wav in Resources */ = {isa = PBXBuildFile; fileRef = 01C38F2A1F92DAE50091090F /* laser3.wav */; };
		01C38F471F92DAE50091090F /* groan0.wav in Resources */ = {isa = PBXBuildFile; fileRef = 01C38F2B1F92DAE50091090F /* groan0.wav */; };
		01C38F481F92DAE50091090F /* base.wav in Resources */ = {isa = PBXBuildFile; fileRef = 01C38F2C1F92DAE50091090F /* base.wav */; };
		01C38F491F92DAE50091090F /* laser1.wav in Resources */ = {isa = PBXBuildFile; fileRef = 01C38F2D1F92DAE50091090F /* laser1.wav */; };
		01C38F4A1F92DAE50091090F /* death1.wav in Resources */ = {isa = PBXBuildFile; fileRef = 01C38F2E1F92DAE50091090F /* death1.wav */; };
		01C38F4B1F92DAE50091090F /* laser2.wav in Resources */ = {isa = PBXBuildFile; fileRef = 01C38F2F1F92DAE50091090F /* laser2.wav */; };
		01C38F4D1F92DE7F0091090F /* towerPlace0.wav in Resources */ = {isa = PBXBuildFile; fileRef = 01C38F4C1F92DE7F0091090F /* towerPlace0.wav */; };
		01C38F531F92E28E0091090F /* machineLaser2.wav in Resources */ = {isa = PBXBuildFile; fileRef = 01C38F501F92E28D0091090F /* machineLaser2.wav */; };
		01C38F541F92E28E0091090F /* machineLaser0.wav in Resources */ = {isa = PBXBuildFile; fileRef = 01C38F511F92E28E0091090F /* machineLaser0.wav */; };
		01C38F551F92E28E0091090F /* machineLaser1.wav in Resources */ = {isa = PBXBuildFile; fileRef = 01C38F521F92E28E0091090F /* machineLaser1.wav */; };
		01C38F581F92EDA00091090F /* bullet.sks in Resources */ = {isa = PBXBuildFile; fileRef = 01C38F561F92EDA00091090F /* bullet.sks */; };
		01C38F5B1F92F6B40091090F /* towerRemove.wav in Resources */ = {isa = PBXBuildFile; fileRef = 01C38F5A1F92F6B30091090F /* towerRemove.wav */; };
		01C38F5D1F92FF520091090F /* badum.wav in Resources */ = {isa = PBXBuildFile; fileRef = 01C38F5C1F92FF520091090F /* badum.wav */; };
		01C38F5F1F93062D0091090F /* explosion.sks in Resources */ = {isa = PBXBuildFile; fileRef = 01C38F5E1F93062D0091090F /* explosion.sks */; };
		01C38F631F9306D50091090F /* Assets.xcassets in Resources */ = {isa = PBXBuildFile; fileRef = 01C38F621F9306D50091090F /* Assets.xcassets */; };
		01C38F691F930A010091090F /* blood.sks in Resources */ = {isa = PBXBuildFile; fileRef = 01C38F681F930A010091090F /* blood.sks */; };
		01E9CF281F7567D4000A5A2D /* AppDelegate.swift in Sources */ = {isa = PBXBuildFile; fileRef = 01E9CF271F7567D4000A5A2D /* AppDelegate.swift */; };
		01E9CF2C1F7567D4000A5A2D /* Actions.sks in Resources */ = {isa = PBXBuildFile; fileRef = 01E9CF2B1F7567D4000A5A2D /* Actions.sks */; };
		01E9CF301F7567D4000A5A2D /* GameViewController.swift in Sources */ = {isa = PBXBuildFile; fileRef = 01E9CF2F1F7567D4000A5A2D /* GameViewController.swift */; };
		01E9CF331F7567D4000A5A2D /* Main.storyboard in Resources */ = {isa = PBXBuildFile; fileRef = 01E9CF311F7567D4000A5A2D /* Main.storyboard */; };
		01E9CF351F7567D4000A5A2D /* Assets.xcassets in Resources */ = {isa = PBXBuildFile; fileRef = 01E9CF341F7567D4000A5A2D /* Assets.xcassets */; };
		01E9CF381F7567D4000A5A2D /* LaunchScreen.storyboard in Resources */ = {isa = PBXBuildFile; fileRef = 01E9CF361F7567D4000A5A2D /* LaunchScreen.storyboard */; };
		01E9CF421F7581FF000A5A2D /* Tower.swift in Sources */ = {isa = PBXBuildFile; fileRef = 01E9CF411F7581FF000A5A2D /* Tower.swift */; };
		01E9CF441F758299000A5A2D /* Bullet.swift in Sources */ = {isa = PBXBuildFile; fileRef = 01E9CF431F758299000A5A2D /* Bullet.swift */; };
		3F408E111F79BAB4005B15DF /* Native.swift in Sources */ = {isa = PBXBuildFile; fileRef = 3F408E0E1F79BAB4005B15DF /* Native.swift */; };
		3F408E121F79BAB4005B15DF /* GameScene.swift in Sources */ = {isa = PBXBuildFile; fileRef = 3F408E0F1F79BAB4005B15DF /* GameScene.swift */; };
		3F408E131F79BAB4005B15DF /* Constants.swift in Sources */ = {isa = PBXBuildFile; fileRef = 3F408E101F79BAB4005B15DF /* Constants.swift */; };
		3F5ED57A1F90671700504577 /* Native.atlas in Resources */ = {isa = PBXBuildFile; fileRef = 3F5ED5791F90664500504577 /* Native.atlas */; };
		3F5ED57E1F90692B00504577 /* chitiniac.png in Resources */ = {isa = PBXBuildFile; fileRef = 3F5ED57D1F90692A00504577 /* chitiniac.png */; };
		3F5ED5811F906A0A00504577 /* TowerManager.swift in Sources */ = {isa = PBXBuildFile; fileRef = 3F5ED5801F906A0A00504577 /* TowerManager.swift */; };
		3FED457C1F798ACE0037C005 /* Utillities.swift in Sources */ = {isa = PBXBuildFile; fileRef = 3FED457B1F798ACE0037C005 /* Utillities.swift */; };
/* End PBXBuildFile section */

/* Begin PBXFileReference section */
		019708231F83CB26008B5FD4 /* SplashScene.swift */ = {isa = PBXFileReference; lastKnownFileType = sourcecode.swift; path = SplashScene.swift; sourceTree = "<group>"; };
		019708281F84C868008B5FD4 /* MenuScreen.swift */ = {isa = PBXFileReference; lastKnownFileType = sourcecode.swift; path = MenuScreen.swift; sourceTree = "<group>"; };
		0197082B1F84C8F7008B5FD4 /* GameData.swift */ = {isa = PBXFileReference; lastKnownFileType = sourcecode.swift; path = GameData.swift; sourceTree = "<group>"; };
		019708311F84CBC4008B5FD4 /* GameOverScene.swift */ = {isa = PBXFileReference; lastKnownFileType = sourcecode.swift; path = GameOverScene.swift; sourceTree = "<group>"; };
		019708381F84DAD3008B5FD4 /* Bullet.png */ = {isa = PBXFileReference; lastKnownFileType = image.png; path = Bullet.png; sourceTree = "<group>"; };
		019708391F84DAD3008B5FD4 /* earth.png */ = {isa = PBXFileReference; lastKnownFileType = image.png; path = earth.png; sourceTree = "<group>"; };
		0197083A1F84DAD3008B5FD4 /* mars.jpg */ = {isa = PBXFileReference; lastKnownFileType = image.jpeg; path = mars.jpg; sourceTree = "<group>"; };
		0197083B1F84DAD3008B5FD4 /* player.png */ = {isa = PBXFileReference; lastKnownFileType = image.png; path = player.png; sourceTree = "<group>"; };
		0197083C1F84DAD3008B5FD4 /* Tower.png */ = {isa = PBXFileReference; lastKnownFileType = image.png; path = Tower.png; sourceTree = "<group>"; };
		01C38F121F92D34E0091090F /* GSAudio.swift */ = {isa = PBXFileReference; lastKnownFileType = sourcecode.swift; path = GSAudio.swift; sourceTree = "<group>"; };
		01C38F141F92DAE30091090F /* menu.wav */ = {isa = PBXFileReference; lastKnownFileType = audio.wav; name = menu.wav; path = BringersOfWar/Sounds/menu.wav; sourceTree = SOURCE_ROOT; };
		01C38F151F92DAE30091090F /* on.wav */ = {isa = PBXFileReference; lastKnownFileType = audio.wav; name = on.wav; path = BringersOfWar/Sounds/on.wav; sourceTree = SOURCE_ROOT; };
		01C38F161F92DAE30091090F /* loser.wav */ = {isa = PBXFileReference; lastKnownFileType = audio.wav; name = loser.wav; path = BringersOfWar/Sounds/loser.wav; sourceTree = SOURCE_ROOT; };
		01C38F171F92DAE30091090F /* ricochet.wav */ = {isa = PBXFileReference; lastKnownFileType = audio.wav; name = ricochet.wav; path = BringersOfWar/Sounds/ricochet.wav; sourceTree = SOURCE_ROOT; };
		01C38F181F92DAE30091090F /* lose1.wav */ = {isa = PBXFileReference; lastKnownFileType = audio.wav; name = lose1.wav; path = BringersOfWar/Sounds/lose1.wav; sourceTree = SOURCE_ROOT; };
		01C38F191F92DAE30091090F /* mars.wav */ = {isa = PBXFileReference; lastKnownFileType = audio.wav; name = mars.wav; path = BringersOfWar/Sounds/mars.wav; sourceTree = SOURCE_ROOT; };
		01C38F1A1F92DAE30091090F /* groan1.wav */ = {isa = PBXFileReference; lastKnownFileType = audio.wav; name = groan1.wav; path = BringersOfWar/Sounds/groan1.wav; sourceTree = SOURCE_ROOT; };
		01C38F1B1F92DAE30091090F /* lose2.wav */ = {isa = PBXFileReference; lastKnownFileType = audio.wav; name = lose2.wav; path = BringersOfWar/Sounds/lose2.wav; sourceTree = SOURCE_ROOT; };
		01C38F1D1F92DAE30091090F /* death0.wav */ = {isa = PBXFileReference; lastKnownFileType = audio.wav; name = death0.wav; path = BringersOfWar/Sounds/death0.wav; sourceTree = SOURCE_ROOT; };
		01C38F1E1F92DAE40091090F /* spawn.wav */ = {isa = PBXFileReference; lastKnownFileType = audio.wav; name = spawn.wav; path = BringersOfWar/Sounds/spawn.wav; sourceTree = SOURCE_ROOT; };
		01C38F1F1F92DAE40091090F /* towerPlace.wav */ = {isa = PBXFileReference; lastKnownFileType = audio.wav; name = towerPlace.wav; path = BringersOfWar/Sounds/towerPlace.wav; sourceTree = SOURCE_ROOT; };
		01C38F201F92DAE40091090F /* laser0.wav */ = {isa = PBXFileReference; lastKnownFileType = audio.wav; name = laser0.wav; path = BringersOfWar/Sounds/laser0.wav; sourceTree = SOURCE_ROOT; };
		01C38F211F92DAE40091090F /* splish1.wav */ = {isa = PBXFileReference; lastKnownFileType = audio.wav; name = splish1.wav; path = BringersOfWar/Sounds/splish1.wav; sourceTree = SOURCE_ROOT; };
		01C38F221F92DAE40091090F /* splish0.wav */ = {isa = PBXFileReference; lastKnownFileType = audio.wav; name = splish0.wav; path = BringersOfWar/Sounds/splish0.wav; sourceTree = SOURCE_ROOT; };
		01C38F231F92DAE40091090F /* groan2.wav */ = {isa = PBXFileReference; lastKnownFileType = audio.wav; name = groan2.wav; path = BringersOfWar/Sounds/groan2.wav; sourceTree = SOURCE_ROOT; };
		01C38F241F92DAE40091090F /* robot.wav */ = {isa = PBXFileReference; lastKnownFileType = audio.wav; name = robot.wav; path = BringersOfWar/Sounds/robot.wav; sourceTree = SOURCE_ROOT; };
		01C38F251F92DAE40091090F /* off.wav */ = {isa = PBXFileReference; lastKnownFileType = audio.wav; name = off.wav; path = BringersOfWar/Sounds/off.wav; sourceTree = SOURCE_ROOT; };
		01C38F261F92DAE40091090F /* groan3.wav */ = {isa = PBXFileReference; lastKnownFileType = audio.wav; name = groan3.wav; path = BringersOfWar/Sounds/groan3.wav; sourceTree = SOURCE_ROOT; };
		01C38F271F92DAE40091090F /* error.wav */ = {isa = PBXFileReference; lastKnownFileType = audio.wav; name = error.wav; path = BringersOfWar/Sounds/error.wav; sourceTree = SOURCE_ROOT; };
		01C38F281F92DAE40091090F /* tape.wav */ = {isa = PBXFileReference; lastKnownFileType = audio.wav; name = tape.wav; path = BringersOfWar/Sounds/tape.wav; sourceTree = SOURCE_ROOT; };
		01C38F291F92DAE40091090F /* lose0.wav */ = {isa = PBXFileReference; lastKnownFileType = audio.wav; name = lose0.wav; path = BringersOfWar/Sounds/lose0.wav; sourceTree = SOURCE_ROOT; };
		01C38F2A1F92DAE50091090F /* laser3.wav */ = {isa = PBXFileReference; lastKnownFileType = audio.wav; name = laser3.wav; path = BringersOfWar/Sounds/laser3.wav; sourceTree = SOURCE_ROOT; };
		01C38F2B1F92DAE50091090F /* groan0.wav */ = {isa = PBXFileReference; lastKnownFileType = audio.wav; name = groan0.wav; path = BringersOfWar/Sounds/groan0.wav; sourceTree = SOURCE_ROOT; };
		01C38F2C1F92DAE50091090F /* base.wav */ = {isa = PBXFileReference; lastKnownFileType = audio.wav; name = base.wav; path = BringersOfWar/Sounds/base.wav; sourceTree = SOURCE_ROOT; };
		01C38F2D1F92DAE50091090F /* laser1.wav */ = {isa = PBXFileReference; lastKnownFileType = audio.wav; name = laser1.wav; path = BringersOfWar/Sounds/laser1.wav; sourceTree = SOURCE_ROOT; };
		01C38F2E1F92DAE50091090F /* death1.wav */ = {isa = PBXFileReference; lastKnownFileType = audio.wav; name = death1.wav; path = BringersOfWar/Sounds/death1.wav; sourceTree = SOURCE_ROOT; };
		01C38F2F1F92DAE50091090F /* laser2.wav */ = {isa = PBXFileReference; lastKnownFileType = audio.wav; name = laser2.wav; path = BringersOfWar/Sounds/laser2.wav; sourceTree = SOURCE_ROOT; };
		01C38F4C1F92DE7F0091090F /* towerPlace0.wav */ = {isa = PBXFileReference; lastKnownFileType = audio.wav; name = towerPlace0.wav; path = BringersOfWar/Sounds/towerPlace0.wav; sourceTree = SOURCE_ROOT; };
		01C38F501F92E28D0091090F /* machineLaser2.wav */ = {isa = PBXFileReference; lastKnownFileType = audio.wav; name = machineLaser2.wav; path = BringersOfWar/Sounds/machineLaser2.wav; sourceTree = SOURCE_ROOT; };
		01C38F511F92E28E0091090F /* machineLaser0.wav */ = {isa = PBXFileReference; lastKnownFileType = audio.wav; name = machineLaser0.wav; path = BringersOfWar/Sounds/machineLaser0.wav; sourceTree = SOURCE_ROOT; };
		01C38F521F92E28E0091090F /* machineLaser1.wav */ = {isa = PBXFileReference; lastKnownFileType = audio.wav; name = machineLaser1.wav; path = BringersOfWar/Sounds/machineLaser1.wav; sourceTree = SOURCE_ROOT; };
		01C38F561F92EDA00091090F /* bullet.sks */ = {isa = PBXFileReference; lastKnownFileType = file.sks; path = bullet.sks; sourceTree = "<group>"; };
		01C38F5A1F92F6B30091090F /* towerRemove.wav */ = {isa = PBXFileReference; lastKnownFileType = audio.wav; path = towerRemove.wav; sourceTree = "<group>"; };
		01C38F5C1F92FF520091090F /* badum.wav */ = {isa = PBXFileReference; lastKnownFileType = audio.wav; path = badum.wav; sourceTree = "<group>"; };
		01C38F5E1F93062D0091090F /* explosion.sks */ = {isa = PBXFileReference; lastKnownFileType = file.sks; path = explosion.sks; sourceTree = "<group>"; };
		01C38F621F9306D50091090F /* Assets.xcassets */ = {isa = PBXFileReference; lastKnownFileType = folder.assetcatalog; path = Assets.xcassets; sourceTree = "<group>"; };
		01C38F681F930A010091090F /* blood.sks */ = {isa = PBXFileReference; lastKnownFileType = file.sks; path = blood.sks; sourceTree = "<group>"; };
		01E9CF241F7567D4000A5A2D /* BringersOfWar.app */ = {isa = PBXFileReference; explicitFileType = wrapper.application; includeInIndex = 0; path = BringersOfWar.app; sourceTree = BUILT_PRODUCTS_DIR; };
		01E9CF271F7567D4000A5A2D /* AppDelegate.swift */ = {isa = PBXFileReference; lastKnownFileType = sourcecode.swift; path = AppDelegate.swift; sourceTree = "<group>"; };
		01E9CF2B1F7567D4000A5A2D /* Actions.sks */ = {isa = PBXFileReference; lastKnownFileType = file.sks; path = Actions.sks; sourceTree = "<group>"; };
		01E9CF2F1F7567D4000A5A2D /* GameViewController.swift */ = {isa = PBXFileReference; lastKnownFileType = sourcecode.swift; path = GameViewController.swift; sourceTree = "<group>"; };
		01E9CF321F7567D4000A5A2D /* Base */ = {isa = PBXFileReference; lastKnownFileType = file.storyboard; name = Base; path = Base.lproj/Main.storyboard; sourceTree = "<group>"; };
		01E9CF341F7567D4000A5A2D /* Assets.xcassets */ = {isa = PBXFileReference; lastKnownFileType = folder.assetcatalog; path = Assets.xcassets; sourceTree = "<group>"; };
		01E9CF371F7567D4000A5A2D /* Base */ = {isa = PBXFileReference; lastKnownFileType = file.storyboard; name = Base; path = Base.lproj/LaunchScreen.storyboard; sourceTree = "<group>"; };
		01E9CF391F7567D4000A5A2D /* Info.plist */ = {isa = PBXFileReference; lastKnownFileType = text.plist.xml; path = Info.plist; sourceTree = "<group>"; };
		01E9CF411F7581FF000A5A2D /* Tower.swift */ = {isa = PBXFileReference; lastKnownFileType = sourcecode.swift; path = Tower.swift; sourceTree = "<group>"; };
		01E9CF431F758299000A5A2D /* Bullet.swift */ = {isa = PBXFileReference; lastKnownFileType = sourcecode.swift; path = Bullet.swift; sourceTree = "<group>"; };
		3F408E0E1F79BAB4005B15DF /* Native.swift */ = {isa = PBXFileReference; fileEncoding = 4; lastKnownFileType = sourcecode.swift; path = Native.swift; sourceTree = "<group>"; };
		3F408E0F1F79BAB4005B15DF /* GameScene.swift */ = {isa = PBXFileReference; fileEncoding = 4; lastKnownFileType = sourcecode.swift; path = GameScene.swift; sourceTree = "<group>"; };
		3F408E101F79BAB4005B15DF /* Constants.swift */ = {isa = PBXFileReference; fileEncoding = 4; lastKnownFileType = sourcecode.swift; path = Constants.swift; sourceTree = "<group>"; };
		3F5ED5791F90664500504577 /* Native.atlas */ = {isa = PBXFileReference; lastKnownFileType = folder.skatlas; path = Native.atlas; sourceTree = "<group>"; };
		3F5ED57D1F90692A00504577 /* chitiniac.png */ = {isa = PBXFileReference; lastKnownFileType = image.png; path = chitiniac.png; sourceTree = "<group>"; };
		3F5ED5801F906A0A00504577 /* TowerManager.swift */ = {isa = PBXFileReference; lastKnownFileType = sourcecode.swift; path = TowerManager.swift; sourceTree = "<group>"; };
		3FED457B1F798ACE0037C005 /* Utillities.swift */ = {isa = PBXFileReference; lastKnownFileType = sourcecode.swift; path = Utillities.swift; sourceTree = "<group>"; };
/* End PBXFileReference section */

/* Begin PBXFrameworksBuildPhase section */
		01E9CF211F7567D4000A5A2D /* Frameworks */ = {
			isa = PBXFrameworksBuildPhase;
			buildActionMask = 2147483647;
			files = (
			);
			runOnlyForDeploymentPostprocessing = 0;
		};
/* End PBXFrameworksBuildPhase section */

/* Begin PBXGroup section */
		019708271F84C84D008B5FD4 /* Scenes */ = {
			isa = PBXGroup;
			children = (
				019708231F83CB26008B5FD4 /* SplashScene.swift */,
				3F408E0F1F79BAB4005B15DF /* GameScene.swift */,
				019708281F84C868008B5FD4 /* MenuScreen.swift */,
				019708311F84CBC4008B5FD4 /* GameOverScene.swift */,
			);
			path = Scenes;
			sourceTree = "<group>";
		};
		0197082A1F84C8DD008B5FD4 /* VC */ = {
			isa = PBXGroup;
			children = (
				01E9CF2F1F7567D4000A5A2D /* GameViewController.swift */,
			);
			path = VC;
			sourceTree = "<group>";
		};
		0197082E1F84CA7F008B5FD4 /* Model */ = {
			isa = PBXGroup;
			children = (
				0197082B1F84C8F7008B5FD4 /* GameData.swift */,
			);
			path = Model;
			sourceTree = "<group>";
		};
		019708371F84DAD3008B5FD4 /* Sprites */ = {
			isa = PBXGroup;
			children = (
				01C38F681F930A010091090F /* blood.sks */,
				01C38F621F9306D50091090F /* Assets.xcassets */,
				01C38F561F92EDA00091090F /* bullet.sks */,
				01C38F5E1F93062D0091090F /* explosion.sks */,
				3F5ED57D1F90692A00504577 /* chitiniac.png */,
				3F5ED5791F90664500504577 /* Native.atlas */,
				019708381F84DAD3008B5FD4 /* Bullet.png */,
				019708391F84DAD3008B5FD4 /* earth.png */,
				0197083A1F84DAD3008B5FD4 /* mars.jpg */,
				0197083B1F84DAD3008B5FD4 /* player.png */,
				0197083C1F84DAD3008B5FD4 /* Tower.png */,
			);
			path = Sprites;
			sourceTree = "<group>";
		};
		01C38EF31F92D26F0091090F /* Sounds */ = {
			isa = PBXGroup;
			children = (
				01C38F5C1F92FF520091090F /* badum.wav */,
				01C38F5A1F92F6B30091090F /* towerRemove.wav */,
				01C38F511F92E28E0091090F /* machineLaser0.wav */,
				01C38F521F92E28E0091090F /* machineLaser1.wav */,
				01C38F501F92E28D0091090F /* machineLaser2.wav */,
				01C38F4C1F92DE7F0091090F /* towerPlace0.wav */,
				01C38F2C1F92DAE50091090F /* base.wav */,
				01C38F1D1F92DAE30091090F /* death0.wav */,
				01C38F2E1F92DAE50091090F /* death1.wav */,
				01C38F271F92DAE40091090F /* error.wav */,
				01C38F2B1F92DAE50091090F /* groan0.wav */,
				01C38F1A1F92DAE30091090F /* groan1.wav */,
				01C38F231F92DAE40091090F /* groan2.wav */,
				01C38F261F92DAE40091090F /* groan3.wav */,
				01C38F201F92DAE40091090F /* laser0.wav */,
				01C38F2D1F92DAE50091090F /* laser1.wav */,
				01C38F2F1F92DAE50091090F /* laser2.wav */,
				01C38F2A1F92DAE50091090F /* laser3.wav */,
				01C38F291F92DAE40091090F /* lose0.wav */,
				01C38F181F92DAE30091090F /* lose1.wav */,
				01C38F1B1F92DAE30091090F /* lose2.wav */,
				01C38F161F92DAE30091090F /* loser.wav */,
				01C38F191F92DAE30091090F /* mars.wav */,
				01C38F141F92DAE30091090F /* menu.wav */,
				01C38F251F92DAE40091090F /* off.wav */,
				01C38F151F92DAE30091090F /* on.wav */,
				01C38F171F92DAE30091090F /* ricochet.wav */,
				01C38F241F92DAE40091090F /* robot.wav */,
				01C38F1E1F92DAE40091090F /* spawn.wav */,
				01C38F221F92DAE40091090F /* splish0.wav */,
				01C38F211F92DAE40091090F /* splish1.wav */,
				01C38F281F92DAE40091090F /* tape.wav */,
				01C38F1F1F92DAE40091090F /* towerPlace.wav */,
			);
			path = Sounds;
			sourceTree = "<group>";
			wrapsLines = 1;
		};
		01E9CF1B1F7567D4000A5A2D = {
			isa = PBXGroup;
			children = (
				01E9CF261F7567D4000A5A2D /* BringersOfWar */,
				01E9CF251F7567D4000A5A2D /* Products */,
			);
			sourceTree = "<group>";
		};
		01E9CF251F7567D4000A5A2D /* Products */ = {
			isa = PBXGroup;
			children = (
				01E9CF241F7567D4000A5A2D /* BringersOfWar.app */,
			);
			name = Products;
			sourceTree = "<group>";
		};
		01E9CF261F7567D4000A5A2D /* BringersOfWar */ = {
			isa = PBXGroup;
			children = (
				01C38EF31F92D26F0091090F /* Sounds */,
				3F5ED57F1F9069EF00504577 /* Managers */,
				019708371F84DAD3008B5FD4 /* Sprites */,
				0197082E1F84CA7F008B5FD4 /* Model */,
				0197082A1F84C8DD008B5FD4 /* VC */,
				019708271F84C84D008B5FD4 /* Scenes */,
				01E9CF271F7567D4000A5A2D /* AppDelegate.swift */,
				3F408E141F79BEDF005B15DF /* Game Objects */,
				01E9CF2B1F7567D4000A5A2D /* Actions.sks */,
				01E9CF311F7567D4000A5A2D /* Main.storyboard */,
				01E9CF341F7567D4000A5A2D /* Assets.xcassets */,
				01E9CF361F7567D4000A5A2D /* LaunchScreen.storyboard */,
				3F408E101F79BAB4005B15DF /* Constants.swift */,
				01E9CF391F7567D4000A5A2D /* Info.plist */,
				3FED457B1F798ACE0037C005 /* Utillities.swift */,
			);
			path = BringersOfWar;
			sourceTree = "<group>";
		};
		3F408E141F79BEDF005B15DF /* Game Objects */ = {
			isa = PBXGroup;
			children = (
				01E9CF411F7581FF000A5A2D /* Tower.swift */,
				01E9CF431F758299000A5A2D /* Bullet.swift */,
				3F408E0E1F79BAB4005B15DF /* Native.swift */,
			);
			path = "Game Objects";
			sourceTree = "<group>";
		};
		3F5ED57F1F9069EF00504577 /* Managers */ = {
			isa = PBXGroup;
			children = (
				3F5ED5801F906A0A00504577 /* TowerManager.swift */,
				01C38F121F92D34E0091090F /* GSAudio.swift */,
			);
			path = Managers;
			sourceTree = "<group>";
		};
/* End PBXGroup section */

/* Begin PBXNativeTarget section */
		01E9CF231F7567D4000A5A2D /* BringersOfWar */ = {
			isa = PBXNativeTarget;
			buildConfigurationList = 01E9CF3C1F7567D4000A5A2D /* Build configuration list for PBXNativeTarget "BringersOfWar" */;
			buildPhases = (
				01E9CF201F7567D4000A5A2D /* Sources */,
				01E9CF211F7567D4000A5A2D /* Frameworks */,
				01E9CF221F7567D4000A5A2D /* Resources */,
			);
			buildRules = (
			);
			dependencies = (
			);
			name = BringersOfWar;
			productName = BringersOfWar;
			productReference = 01E9CF241F7567D4000A5A2D /* BringersOfWar.app */;
			productType = "com.apple.product-type.application";
		};
/* End PBXNativeTarget section */

/* Begin PBXProject section */
		01E9CF1C1F7567D4000A5A2D /* Project object */ = {
			isa = PBXProject;
			attributes = {
				LastSwiftUpdateCheck = 0900;
				LastUpgradeCheck = 0900;
				ORGANIZATIONNAME = StenedoresII;
				TargetAttributes = {
					01E9CF231F7567D4000A5A2D = {
						CreatedOnToolsVersion = 9.0;
						ProvisioningStyle = Automatic;
					};
				};
			};
			buildConfigurationList = 01E9CF1F1F7567D4000A5A2D /* Build configuration list for PBXProject "BringersOfWar" */;
			compatibilityVersion = "Xcode 8.0";
			developmentRegion = en;
			hasScannedForEncodings = 0;
			knownRegions = (
				en,
				Base,
			);
			mainGroup = 01E9CF1B1F7567D4000A5A2D;
			productRefGroup = 01E9CF251F7567D4000A5A2D /* Products */;
			projectDirPath = "";
			projectRoot = "";
			targets = (
				01E9CF231F7567D4000A5A2D /* BringersOfWar */,
			);
		};
/* End PBXProject section */

/* Begin PBXResourcesBuildPhase section */
		01E9CF221F7567D4000A5A2D /* Resources */ = {
			isa = PBXResourcesBuildPhase;
			buildActionMask = 2147483647;
			files = (
				01C38F331F92DAE50091090F /* ricochet.wav in Resources */,
				01C38F3B1F92DAE50091090F /* towerPlace.wav in Resources */,
				01C38F5F1F93062D0091090F /* explosion.sks in Resources */,
				01C38F311F92DAE50091090F /* on.wav in Resources */,
				01C38F401F92DAE50091090F /* robot.wav in Resources */,
				0197083D1F84DAD3008B5FD4 /* Bullet.png in Resources */,
				01C38F4A1F92DAE50091090F /* death1.wav in Resources */,
				01E9CF331F7567D4000A5A2D /* Main.storyboard in Resources */,
				01C38F691F930A010091090F /* blood.sks in Resources */,
				019708401F84DAD3008B5FD4 /* player.png in Resources */,
				01E9CF351F7567D4000A5A2D /* Assets.xcassets in Resources */,
				01C38F371F92DAE50091090F /* lose2.wav in Resources */,
				01C38F551F92E28E0091090F /* machineLaser1.wav in Resources */,
				01C38F411F92DAE50091090F /* off.wav in Resources */,
				01C38F461F92DAE50091090F /* laser3.wav in Resources */,
				01C38F451F92DAE50091090F /* lose0.wav in Resources */,
				3F5ED57A1F90671700504577 /* Native.atlas in Resources */,
				01C38F5D1F92FF520091090F /* badum.wav in Resources */,
				01C38F431F92DAE50091090F /* error.wav in Resources */,
				01C38F3A1F92DAE50091090F /* spawn.wav in Resources */,
				01C38F481F92DAE50091090F /* base.wav in Resources */,
				01C38F3E1F92DAE50091090F /* splish0.wav in Resources */,
				01C38F441F92DAE50091090F /* tape.wav in Resources */,
				01C38F531F92E28E0091090F /* machineLaser2.wav in Resources */,
				01C38F321F92DAE50091090F /* loser.wav in Resources */,
				01C38F421F92DAE50091090F /* groan3.wav in Resources */,
				01C38F351F92DAE50091090F /* mars.wav in Resources */,
				01C38F5B1F92F6B40091090F /* towerRemove.wav in Resources */,
				01C38F4B1F92DAE50091090F /* laser2.wav in Resources */,
				0197083E1F84DAD3008B5FD4 /* earth.png in Resources */,
				01C38F341F92DAE50091090F /* lose1.wav in Resources */,
				01E9CF381F7567D4000A5A2D /* LaunchScreen.storyboard in Resources */,
				019708411F84DAD3008B5FD4 /* Tower.png in Resources */,
				0197083F1F84DAD3008B5FD4 /* mars.jpg in Resources */,
				01C38F301F92DAE50091090F /* menu.wav in Resources */,
				01C38F491F92DAE50091090F /* laser1.wav in Resources */,
				01C38F3D1F92DAE50091090F /* splish1.wav in Resources */,
				01E9CF2C1F7567D4000A5A2D /* Actions.sks in Resources */,
				01C38F3F1F92DAE50091090F /* groan2.wav in Resources */,
				01C38F4D1F92DE7F0091090F /* towerPlace0.wav in Resources */,
				01C38F361F92DAE50091090F /* groan1.wav in Resources */,
				01C38F581F92EDA00091090F /* bullet.sks in Resources */,
				3F5ED57E1F90692B00504577 /* chitiniac.png in Resources */,
				01C38F3C1F92DAE50091090F /* laser0.wav in Resources */,
				01C38F391F92DAE50091090F /* death0.wav in Resources */,
				01C38F541F92E28E0091090F /* machineLaser0.wav in Resources */,
				01C38F631F9306D50091090F /* Assets.xcassets in Resources */,
				01C38F471F92DAE50091090F /* groan0.wav in Resources */,
			);
			runOnlyForDeploymentPostprocessing = 0;
		};
/* End PBXResourcesBuildPhase section */

/* Begin PBXSourcesBuildPhase section */
		01E9CF201F7567D4000A5A2D /* Sources */ = {
			isa = PBXSourcesBuildPhase;
			buildActionMask = 2147483647;
			files = (
				3F408E111F79BAB4005B15DF /* Native.swift in Sources */,
				01E9CF301F7567D4000A5A2D /* GameViewController.swift in Sources */,
				01E9CF421F7581FF000A5A2D /* Tower.swift in Sources */,
				3FED457C1F798ACE0037C005 /* Utillities.swift in Sources */,
				01C38F131F92D34E0091090F /* GSAudio.swift in Sources */,
				0197082C1F84C8F7008B5FD4 /* GameData.swift in Sources */,
				019708241F83CB26008B5FD4 /* SplashScene.swift in Sources */,
				01E9CF281F7567D4000A5A2D /* AppDelegate.swift in Sources */,
				019708321F84CBC4008B5FD4 /* GameOverScene.swift in Sources */,
				3F5ED5811F906A0A00504577 /* TowerManager.swift in Sources */,
				019708291F84C868008B5FD4 /* MenuScreen.swift in Sources */,
				3F408E121F79BAB4005B15DF /* GameScene.swift in Sources */,
				01E9CF441F758299000A5A2D /* Bullet.swift in Sources */,
				3F408E131F79BAB4005B15DF /* Constants.swift in Sources */,
			);
			runOnlyForDeploymentPostprocessing = 0;
		};
/* End PBXSourcesBuildPhase section */

/* Begin PBXVariantGroup section */
		01E9CF311F7567D4000A5A2D /* Main.storyboard */ = {
			isa = PBXVariantGroup;
			children = (
				01E9CF321F7567D4000A5A2D /* Base */,
			);
			name = Main.storyboard;
			sourceTree = "<group>";
		};
		01E9CF361F7567D4000A5A2D /* LaunchScreen.storyboard */ = {
			isa = PBXVariantGroup;
			children = (
				01E9CF371F7567D4000A5A2D /* Base */,
			);
			name = LaunchScreen.storyboard;
			sourceTree = "<group>";
		};
/* End PBXVariantGroup section */

/* Begin XCBuildConfiguration section */
		01E9CF3A1F7567D4000A5A2D /* Debug */ = {
			isa = XCBuildConfiguration;
			buildSettings = {
				ALWAYS_SEARCH_USER_PATHS = NO;
				CLANG_ANALYZER_NONNULL = YES;
				CLANG_ANALYZER_NUMBER_OBJECT_CONVERSION = YES_AGGRESSIVE;
				CLANG_CXX_LANGUAGE_STANDARD = "gnu++14";
				CLANG_CXX_LIBRARY = "libc++";
				CLANG_ENABLE_MODULES = YES;
				CLANG_ENABLE_OBJC_ARC = YES;
				CLANG_WARN_BLOCK_CAPTURE_AUTORELEASING = YES;
				CLANG_WARN_BOOL_CONVERSION = YES;
				CLANG_WARN_COMMA = YES;
				CLANG_WARN_CONSTANT_CONVERSION = YES;
				CLANG_WARN_DIRECT_OBJC_ISA_USAGE = YES_ERROR;
				CLANG_WARN_DOCUMENTATION_COMMENTS = YES;
				CLANG_WARN_EMPTY_BODY = YES;
				CLANG_WARN_ENUM_CONVERSION = YES;
				CLANG_WARN_INFINITE_RECURSION = YES;
				CLANG_WARN_INT_CONVERSION = YES;
				CLANG_WARN_NON_LITERAL_NULL_CONVERSION = YES;
				CLANG_WARN_OBJC_LITERAL_CONVERSION = YES;
				CLANG_WARN_OBJC_ROOT_CLASS = YES_ERROR;
				CLANG_WARN_RANGE_LOOP_ANALYSIS = YES;
				CLANG_WARN_STRICT_PROTOTYPES = YES;
				CLANG_WARN_SUSPICIOUS_MOVE = YES;
				CLANG_WARN_UNGUARDED_AVAILABILITY = YES_AGGRESSIVE;
				CLANG_WARN_UNREACHABLE_CODE = YES;
				CLANG_WARN__DUPLICATE_METHOD_MATCH = YES;
				CODE_SIGN_IDENTITY = "iPhone Developer";
				COPY_PHASE_STRIP = NO;
				DEBUG_INFORMATION_FORMAT = dwarf;
				ENABLE_STRICT_OBJC_MSGSEND = YES;
				ENABLE_TESTABILITY = YES;
				GCC_C_LANGUAGE_STANDARD = gnu11;
				GCC_DYNAMIC_NO_PIC = NO;
				GCC_NO_COMMON_BLOCKS = YES;
				GCC_OPTIMIZATION_LEVEL = 0;
				GCC_PREPROCESSOR_DEFINITIONS = (
					"DEBUG=1",
					"$(inherited)",
				);
				GCC_WARN_64_TO_32_BIT_CONVERSION = YES;
				GCC_WARN_ABOUT_RETURN_TYPE = YES_ERROR;
				GCC_WARN_UNDECLARED_SELECTOR = YES;
				GCC_WARN_UNINITIALIZED_AUTOS = YES_AGGRESSIVE;
				GCC_WARN_UNUSED_FUNCTION = YES;
				GCC_WARN_UNUSED_VARIABLE = YES;
				IPHONEOS_DEPLOYMENT_TARGET = 11.0;
				MTL_ENABLE_DEBUG_INFO = YES;
				ONLY_ACTIVE_ARCH = YES;
				SDKROOT = iphoneos;
				SWIFT_ACTIVE_COMPILATION_CONDITIONS = DEBUG;
				SWIFT_OPTIMIZATION_LEVEL = "-Onone";
			};
			name = Debug;
		};
		01E9CF3B1F7567D4000A5A2D /* Release */ = {
			isa = XCBuildConfiguration;
			buildSettings = {
				ALWAYS_SEARCH_USER_PATHS = NO;
				CLANG_ANALYZER_NONNULL = YES;
				CLANG_ANALYZER_NUMBER_OBJECT_CONVERSION = YES_AGGRESSIVE;
				CLANG_CXX_LANGUAGE_STANDARD = "gnu++14";
				CLANG_CXX_LIBRARY = "libc++";
				CLANG_ENABLE_MODULES = YES;
				CLANG_ENABLE_OBJC_ARC = YES;
				CLANG_WARN_BLOCK_CAPTURE_AUTORELEASING = YES;
				CLANG_WARN_BOOL_CONVERSION = YES;
				CLANG_WARN_COMMA = YES;
				CLANG_WARN_CONSTANT_CONVERSION = YES;
				CLANG_WARN_DIRECT_OBJC_ISA_USAGE = YES_ERROR;
				CLANG_WARN_DOCUMENTATION_COMMENTS = YES;
				CLANG_WARN_EMPTY_BODY = YES;
				CLANG_WARN_ENUM_CONVERSION = YES;
				CLANG_WARN_INFINITE_RECURSION = YES;
				CLANG_WARN_INT_CONVERSION = YES;
				CLANG_WARN_NON_LITERAL_NULL_CONVERSION = YES;
				CLANG_WARN_OBJC_LITERAL_CONVERSION = YES;
				CLANG_WARN_OBJC_ROOT_CLASS = YES_ERROR;
				CLANG_WARN_RANGE_LOOP_ANALYSIS = YES;
				CLANG_WARN_STRICT_PROTOTYPES = YES;
				CLANG_WARN_SUSPICIOUS_MOVE = YES;
				CLANG_WARN_UNGUARDED_AVAILABILITY = YES_AGGRESSIVE;
				CLANG_WARN_UNREACHABLE_CODE = YES;
				CLANG_WARN__DUPLICATE_METHOD_MATCH = YES;
				CODE_SIGN_IDENTITY = "iPhone Developer";
				COPY_PHASE_STRIP = NO;
				DEBUG_INFORMATION_FORMAT = "dwarf-with-dsym";
				ENABLE_NS_ASSERTIONS = NO;
				ENABLE_STRICT_OBJC_MSGSEND = YES;
				GCC_C_LANGUAGE_STANDARD = gnu11;
				GCC_NO_COMMON_BLOCKS = YES;
				GCC_WARN_64_TO_32_BIT_CONVERSION = YES;
				GCC_WARN_ABOUT_RETURN_TYPE = YES_ERROR;
				GCC_WARN_UNDECLARED_SELECTOR = YES;
				GCC_WARN_UNINITIALIZED_AUTOS = YES_AGGRESSIVE;
				GCC_WARN_UNUSED_FUNCTION = YES;
				GCC_WARN_UNUSED_VARIABLE = YES;
				IPHONEOS_DEPLOYMENT_TARGET = 11.0;
				MTL_ENABLE_DEBUG_INFO = NO;
				SDKROOT = iphoneos;
				SWIFT_OPTIMIZATION_LEVEL = "-Owholemodule";
				VALIDATE_PRODUCT = YES;
			};
			name = Release;
		};
		01E9CF3D1F7567D4000A5A2D /* Debug */ = {
			isa = XCBuildConfiguration;
			buildSettings = {
				ASSETCATALOG_COMPILER_APPICON_NAME = AppIcon;
				"CODE_SIGN_IDENTITY[sdk=iphoneos*]" = "iPhone Developer";
				CODE_SIGN_STYLE = Automatic;
				DEVELOPMENT_TEAM = 9JSNN7LLGY;
				INFOPLIST_FILE = BringersOfWar/Info.plist;
				IPHONEOS_DEPLOYMENT_TARGET = 10.3;
				LD_RUNPATH_SEARCH_PATHS = "$(inherited) @executable_path/Frameworks";
				PRODUCT_BUNDLE_IDENTIFIER = SDII1.BringersOfWar0;
				PRODUCT_NAME = "$(TARGET_NAME)";
				PROVISIONING_PROFILE_SPECIFIER = "";
				SWIFT_VERSION = 4.0;
				TARGETED_DEVICE_FAMILY = 2;
			};
			name = Debug;
		};
		01E9CF3E1F7567D4000A5A2D /* Release */ = {
			isa = XCBuildConfiguration;
			buildSettings = {
				ASSETCATALOG_COMPILER_APPICON_NAME = AppIcon;
				"CODE_SIGN_IDENTITY[sdk=iphoneos*]" = "iPhone Developer";
				CODE_SIGN_STYLE = Automatic;
				DEVELOPMENT_TEAM = 9JSNN7LLGY;
				INFOPLIST_FILE = BringersOfWar/Info.plist;
				IPHONEOS_DEPLOYMENT_TARGET = 10.3;
				LD_RUNPATH_SEARCH_PATHS = "$(inherited) @executable_path/Frameworks";
				PRODUCT_BUNDLE_IDENTIFIER = SDII1.BringersOfWar0;
				PRODUCT_NAME = "$(TARGET_NAME)";
				PROVISIONING_PROFILE_SPECIFIER = "";
				SWIFT_VERSION = 4.0;
				TARGETED_DEVICE_FAMILY = 2;
			};
			name = Release;
		};
/* End XCBuildConfiguration section */

/* Begin XCConfigurationList section */
		01E9CF1F1F7567D4000A5A2D /* Build configuration list for PBXProject "BringersOfWar" */ = {
			isa = XCConfigurationList;
			buildConfigurations = (
				01E9CF3A1F7567D4000A5A2D /* Debug */,
				01E9CF3B1F7567D4000A5A2D /* Release */,
			);
			defaultConfigurationIsVisible = 0;
			defaultConfigurationName = Release;
		};
		01E9CF3C1F7567D4000A5A2D /* Build configuration list for PBXNativeTarget "BringersOfWar" */ = {
			isa = XCConfigurationList;
			buildConfigurations = (
				01E9CF3D1F7567D4000A5A2D /* Debug */,
				01E9CF3E1F7567D4000A5A2D /* Release */,
			);
			defaultConfigurationIsVisible = 0;
			defaultConfigurationName = Release;
		};
/* End XCConfigurationList section */
	};
	rootObject = 01E9CF1C1F7567D4000A5A2D /* Project object */;
}
